
Microsoft Visual Studio Solution File, Format Version 12.00
# Visual Studio Version 16
VisualStudioVersion = 16.0.31729.503
MinimumVisualStudioVersion = 10.0.40219.1
Project("{FAE04EC0-301F-11D3-BF4B-00C04F79EFBC}") = "ProcNet", "ProcNet\ProcNet.csproj", "{EB1C2890-1D57-461B-9585-782BC0FF80CB}"
EndProject
Global
	GlobalSection(SolutionConfigurationPlatforms) = preSolution
		Debug|Any CPU = Debug|Any CPU
		Release|Any CPU = Release|Any CPU
	EndGlobalSection
	GlobalSection(ProjectConfigurationPlatforms) = postSolution
		{EB1C2890-1D57-461B-9585-782BC0FF80CB}.Debug|Any CPU.ActiveCfg = Debug|Any CPU
		{EB1C2890-1D57-461B-9585-782BC0FF80CB}.Debug|Any CPU.Build.0 = Debug|Any CPU
		{EB1C2890-1D57-461B-9585-782BC0FF80CB}.Release|Any CPU.ActiveCfg = Release|Any CPU
		{EB1C2890-1D57-461B-9585-782BC0FF80CB}.Release|Any CPU.Build.0 = Release|Any CPU
	EndGlobalSection
	GlobalSection(SolutionProperties) = preSolution
		HideSolutionNode = FALSE
	EndGlobalSection
	GlobalSection(ExtensibilityGlobals) = postSolution
		SolutionGuid = {38C0E142-626B-4061-A752-2294817E3169}
	EndGlobalSection
EndGlobal
